
Microsoft Visual Studio Solution File, Format Version 12.00
# Visual Studio Version 17
VisualStudioVersion = 17.0.31903.59
MinimumVisualStudioVersion = 10.0.40219.1
Project("{2150E333-8FDC-42A3-9474-1A3956D46DE8}") = "src", "src", "{02EA681E-C7D8-13C7-8484-4AC65E1B71E8}"
EndProject
Project("{2150E333-8FDC-42A3-9474-1A3956D46DE8}") = "tests", "tests", "{4145D950-DCFC-4C21-A6AE-26A6F3B30D77}"
EndProject
Project("{FAE04EC0-301F-11D3-BF4B-00C04F79EFBC}") = "Paytrack.Domain", "src\Paytrack.Domain\Paytrack.Domain.csproj", "{FA23F9ED-886E-4222-A41A-3713B613725E}"
EndProject
Project("{FAE04EC0-301F-11D3-BF4B-00C04F79EFBC}") = "Paytrack.Application", "src\Paytrack.Application\Paytrack.Application.csproj", "{E4F84254-D2AE-4462-9AFB-6E67FD038889}"
EndProject
Project("{FAE04EC0-301F-11D3-BF4B-00C04F79EFBC}") = "Paytrack.Infrastructure", "src\Paytrack.Infrastructure\Paytrack.Infrastructure.csproj", "{82F64887-427D-473D-A4D8-90C4736A8943}"
EndProject
Project("{FAE04EC0-301F-11D3-BF4B-00C04F79EFBC}") = "Paytrack.Api", "src\Paytrack.Api\Paytrack.Api.csproj", "{A1FF3A10-B588-410B-930C-B9DA0BC4CC57}"
EndProject
Project("{FAE04EC0-301F-11D3-BF4B-00C04F79EFBC}") = "Paytrack.Domain.UnitTests", "tests\Paytrack.Domain.UnitTests\Paytrack.Domain.UnitTests.csproj", "{0B0AAD2E-6256-40FF-9A4F-1C749778D7DF}"
EndProject
Project("{FAE04EC0-301F-11D3-BF4B-00C04F79EFBC}") = "Paytrack.Application.UnitTests", "tests\Paytrack.Application.UnitTests\Paytrack.Application.UnitTests.csproj", "{F69955D5-7FC4-4165-9C71-FF92E181D781}"
EndProject
Project("{FAE04EC0-301F-11D3-BF4B-00C04F79EFBC}") = "Paytrack.Api.FunctionalTests", "tests\Paytrack.Api.FunctionalTests\Paytrack.Api.FunctionalTests.csproj", "{95983AF3-BC7F-4004-BC65-76BC747C34D7}"
EndProject
Project("{FAE04EC0-301F-11D3-BF4B-00C04F79EFBC}") = "CleanArch", "src\CleanArch\CleanArch.csproj", "{71C41C61-1073-4B18-B5C7-709602823AF8}"
EndProject
Project("{FAE04EC0-301F-11D3-BF4B-00C04F79EFBC}") = "CleanArch.AspNetCore", "src\CleanArch.AspNetCore\CleanArch.AspNetCore.csproj", "{C66A2E9F-A6D7-4C72-B153-EE5D68F72B45}"
EndProject
Global
	GlobalSection(SolutionConfigurationPlatforms) = preSolution
		Debug|Any CPU = Debug|Any CPU
		Release|Any CPU = Release|Any CPU
	EndGlobalSection
	GlobalSection(ProjectConfigurationPlatforms) = postSolution
		{FA23F9ED-886E-4222-A41A-3713B613725E}.Debug|Any CPU.ActiveCfg = Debug|Any CPU
		{FA23F9ED-886E-4222-A41A-3713B613725E}.Debug|Any CPU.Build.0 = Debug|Any CPU
		{FA23F9ED-886E-4222-A41A-3713B613725E}.Release|Any CPU.ActiveCfg = Release|Any CPU
		{FA23F9ED-886E-4222-A41A-3713B613725E}.Release|Any CPU.Build.0 = Release|Any CPU
		{E4F84254-D2AE-4462-9AFB-6E67FD038889}.Debug|Any CPU.ActiveCfg = Debug|Any CPU
		{E4F84254-D2AE-4462-9AFB-6E67FD038889}.Debug|Any CPU.Build.0 = Debug|Any CPU
		{E4F84254-D2AE-4462-9AFB-6E67FD038889}.Release|Any CPU.ActiveCfg = Release|Any CPU
		{E4F84254-D2AE-4462-9AFB-6E67FD038889}.Release|Any CPU.Build.0 = Release|Any CPU
		{82F64887-427D-473D-A4D8-90C4736A8943}.Debug|Any CPU.ActiveCfg = Debug|Any CPU
		{82F64887-427D-473D-A4D8-90C4736A8943}.Debug|Any CPU.Build.0 = Debug|Any CPU
		{82F64887-427D-473D-A4D8-90C4736A8943}.Release|Any CPU.ActiveCfg = Release|Any CPU
		{82F64887-427D-473D-A4D8-90C4736A8943}.Release|Any CPU.Build.0 = Release|Any CPU
		{A1FF3A10-B588-410B-930C-B9DA0BC4CC57}.Debug|Any CPU.ActiveCfg = Debug|Any CPU
		{A1FF3A10-B588-410B-930C-B9DA0BC4CC57}.Debug|Any CPU.Build.0 = Debug|Any CPU
		{A1FF3A10-B588-410B-930C-B9DA0BC4CC57}.Release|Any CPU.ActiveCfg = Release|Any CPU
		{A1FF3A10-B588-410B-930C-B9DA0BC4CC57}.Release|Any CPU.Build.0 = Release|Any CPU
		{0B0AAD2E-6256-40FF-9A4F-1C749778D7DF}.Debug|Any CPU.ActiveCfg = Debug|Any CPU
		{0B0AAD2E-6256-40FF-9A4F-1C749778D7DF}.Debug|Any CPU.Build.0 = Debug|Any CPU
		{0B0AAD2E-6256-40FF-9A4F-1C749778D7DF}.Release|Any CPU.ActiveCfg = Release|Any CPU
		{0B0AAD2E-6256-40FF-9A4F-1C749778D7DF}.Release|Any CPU.Build.0 = Release|Any CPU
		{F69955D5-7FC4-4165-9C71-FF92E181D781}.Debug|Any CPU.ActiveCfg = Debug|Any CPU
		{F69955D5-7FC4-4165-9C71-FF92E181D781}.Debug|Any CPU.Build.0 = Debug|Any CPU
		{F69955D5-7FC4-4165-9C71-FF92E181D781}.Release|Any CPU.ActiveCfg = Release|Any CPU
		{F69955D5-7FC4-4165-9C71-FF92E181D781}.Release|Any CPU.Build.0 = Release|Any CPU
		{95983AF3-BC7F-4004-BC65-76BC747C34D7}.Debug|Any CPU.ActiveCfg = Debug|Any CPU
		{95983AF3-BC7F-4004-BC65-76BC747C34D7}.Debug|Any CPU.Build.0 = Debug|Any CPU
		{95983AF3-BC7F-4004-BC65-76BC747C34D7}.Release|Any CPU.ActiveCfg = Release|Any CPU
		{95983AF3-BC7F-4004-BC65-76BC747C34D7}.Release|Any CPU.Build.0 = Release|Any CPU
		{71C41C61-1073-4B18-B5C7-709602823AF8}.Debug|Any CPU.ActiveCfg = Debug|Any CPU
		{71C41C61-1073-4B18-B5C7-709602823AF8}.Debug|Any CPU.Build.0 = Debug|Any CPU
		{71C41C61-1073-4B18-B5C7-709602823AF8}.Release|Any CPU.ActiveCfg = Release|Any CPU
		{71C41C61-1073-4B18-B5C7-709602823AF8}.Release|Any CPU.Build.0 = Release|Any CPU
		{C66A2E9F-A6D7-4C72-B153-EE5D68F72B45}.Debug|Any CPU.ActiveCfg = Debug|Any CPU
		{C66A2E9F-A6D7-4C72-B153-EE5D68F72B45}.Debug|Any CPU.Build.0 = Debug|Any CPU
		{C66A2E9F-A6D7-4C72-B153-EE5D68F72B45}.Release|Any CPU.ActiveCfg = Release|Any CPU
		{C66A2E9F-A6D7-4C72-B153-EE5D68F72B45}.Release|Any CPU.Build.0 = Release|Any CPU
	EndGlobalSection
	GlobalSection(SolutionProperties) = preSolution
		HideSolutionNode = FALSE
	EndGlobalSection
	GlobalSection(NestedProjects) = preSolution
		{FA23F9ED-886E-4222-A41A-3713B613725E} = {02EA681E-C7D8-13C7-8484-4AC65E1B71E8}
		{E4F84254-D2AE-4462-9AFB-6E67FD038889} = {02EA681E-C7D8-13C7-8484-4AC65E1B71E8}
		{82F64887-427D-473D-A4D8-90C4736A8943} = {02EA681E-C7D8-13C7-8484-4AC65E1B71E8}
		{A1FF3A10-B588-410B-930C-B9DA0BC4CC57} = {02EA681E-C7D8-13C7-8484-4AC65E1B71E8}
		{0B0AAD2E-6256-40FF-9A4F-1C749778D7DF} = {4145D950-DCFC-4C21-A6AE-26A6F3B30D77}
		{F69955D5-7FC4-4165-9C71-FF92E181D781} = {4145D950-DCFC-4C21-A6AE-26A6F3B30D77}
		{95983AF3-BC7F-4004-BC65-76BC747C34D7} = {4145D950-DCFC-4C21-A6AE-26A6F3B30D77}
		{71C41C61-1073-4B18-B5C7-709602823AF8} = {02EA681E-C7D8-13C7-8484-4AC65E1B71E8}
		{C66A2E9F-A6D7-4C72-B153-EE5D68F72B45} = {02EA681E-C7D8-13C7-8484-4AC65E1B71E8}
	EndGlobalSection
	GlobalSection(ExtensibilityGlobals) = postSolution
		SolutionGuid = {AF47A390-083E-4DA3-8217-FFDEFFB69AFC}
	EndGlobalSection
EndGlobal
