
Microsoft Visual Studio Solution File, Format Version 12.00
# Visual Studio Version 17
VisualStudioVersion = 17.0.31903.59
MinimumVisualStudioVersion = 10.0.40219.1
Project("{2150E333-8FDC-42A3-9474-1A3956D46DE8}") = "src", "src", "{02EA681E-C7D8-13C7-8484-4AC65E1B71E8}"
EndProject
Project("{2150E333-8FDC-42A3-9474-1A3956D46DE8}") = "tests", "tests", "{4145D950-DCFC-4C21-A6AE-26A6F3B30D77}"
EndProject
Project("{FAE04EC0-301F-11D3-BF4B-00C04F79EFBC}") = "Paytrack.Domain", "src\Paytrack.Domain\Paytrack.Domain.csproj", "{FA23F9ED-886E-4222-A41A-3713B613725E}"
EndProject
Project("{FAE04EC0-301F-11D3-BF4B-00C04F79EFBC}") = "Paytrack.Application", "src\Paytrack.Application\Paytrack.Application.csproj", "{E4F84254-D2AE-4462-9AFB-6E67FD038889}"
EndProject
Project("{FAE04EC0-301F-11D3-BF4B-00C04F79EFBC}") = "Paytrack.Infrastructure", "src\Paytrack.Infrastructure\Paytrack.Infrastructure.csproj", "{82F64887-427D-473D-A4D8-90C4736A8943}"
EndProject
Project("{FAE04EC0-301F-11D3-BF4B-00C04F79EFBC}") = "Paytrack.Api", "src\Paytrack.Api\Paytrack.Api.csproj", "{A1FF3A10-B588-410B-930C-B9DA0BC4CC57}"
EndProject
Project("{FAE04EC0-301F-11D3-BF4B-00C04F79EFBC}") = "Paytrack.Domain.UnitTests", "tests\Paytrack.Domain.UnitTests\Paytrack.Domain.UnitTests.csproj", "{0B0AAD2E-6256-40FF-9A4F-1C749778D7DF}"
EndProject
Project("{FAE04EC0-301F-11D3-BF4B-00C04F79EFBC}") = "Paytrack.Application.UnitTests", "tests\Paytrack.Application.UnitTests\Paytrack.Application.UnitTests.csproj", "{F69955D5-7FC4-4165-9C71-FF92E181D781}"
EndProject
Project("{FAE04EC0-301F-11D3-BF4B-00C04F79EFBC}") = "Paytrack.Api.FunctionalTests", "tests\Paytrack.Api.FunctionalTests\Paytrack.Api.FunctionalTests.csproj", "{95983AF3-BC7F-4004-BC65-76BC747C34D7}"
EndProject
Project("{FAE04EC0-301F-11D3-BF4B-00C04F79EFBC}") = "Paytrack.Consumer", "src\Paytrack.Consumer\Paytrack.Consumer.csproj", "{18ABB481-F034-E5F6-8791-31F3D34642B1}"
EndProject
Project("{2150E333-8FDC-42A3-9474-1A3956D46DE8}") = "Presentation", "Presentation", "{2D369B8D-A659-4D27-BCF8-7CE4840486F0}"
EndProject
Project("{2150E333-8FDC-42A3-9474-1A3956D46DE8}") = "Application", "Application", "{F7E684E9-EB35-49D0-BE78-1D423C497630}"
EndProject
Project("{2150E333-8FDC-42A3-9474-1A3956D46DE8}") = "Domain", "Domain", "{4EABF01C-8FB6-4144-8661-AAA53C8FF240}"
EndProject
Project("{2150E333-8FDC-42A3-9474-1A3956D46DE8}") = "Infrastructure", "Infrastructure", "{7739BE5C-838E-4112-807A-F9E4128A0A70}"
EndProject
Project("{FAE04EC0-301F-11D3-BF4B-00C04F79EFBC}") = "Paytrack.Publisher", "src\Paytrack.Publisher\Paytrack.Publisher.csproj", "{34DB5E6E-1365-A89B-4C8D-78DA3FB9B6D4}"
EndProject
Project("{FAE04EC0-301F-11D3-BF4B-00C04F79EFBC}") = "Paytrack.OutboxPublisher", "src\Paytrack.OutboxPublisher\Paytrack.OutboxPublisher.csproj", "{3BF36D9B-2458-7027-1CDC-DBA61DAE768E}"
EndProject
Global
	GlobalSection(SolutionConfigurationPlatforms) = preSolution
		Debug|Any CPU = Debug|Any CPU
		Release|Any CPU = Release|Any CPU
	EndGlobalSection
	GlobalSection(ProjectConfigurationPlatforms) = postSolution
		{FA23F9ED-886E-4222-A41A-3713B613725E}.Debug|Any CPU.ActiveCfg = Debug|Any CPU
		{FA23F9ED-886E-4222-A41A-3713B613725E}.Debug|Any CPU.Build.0 = Debug|Any CPU
		{FA23F9ED-886E-4222-A41A-3713B613725E}.Release|Any CPU.ActiveCfg = Release|Any CPU
		{FA23F9ED-886E-4222-A41A-3713B613725E}.Release|Any CPU.Build.0 = Release|Any CPU
		{E4F84254-D2AE-4462-9AFB-6E67FD038889}.Debug|Any CPU.ActiveCfg = Debug|Any CPU
		{E4F84254-D2AE-4462-9AFB-6E67FD038889}.Debug|Any CPU.Build.0 = Debug|Any CPU
		{E4F84254-D2AE-4462-9AFB-6E67FD038889}.Release|Any CPU.ActiveCfg = Release|Any CPU
		{E4F84254-D2AE-4462-9AFB-6E67FD038889}.Release|Any CPU.Build.0 = Release|Any CPU
		{82F64887-427D-473D-A4D8-90C4736A8943}.Debug|Any CPU.ActiveCfg = Debug|Any CPU
		{82F64887-427D-473D-A4D8-90C4736A8943}.Debug|Any CPU.Build.0 = Debug|Any CPU
		{82F64887-427D-473D-A4D8-90C4736A8943}.Release|Any CPU.ActiveCfg = Release|Any CPU
		{82F64887-427D-473D-A4D8-90C4736A8943}.Release|Any CPU.Build.0 = Release|Any CPU
		{A1FF3A10-B588-410B-930C-B9DA0BC4CC57}.Debug|Any CPU.ActiveCfg = Debug|Any CPU
		{A1FF3A10-B588-410B-930C-B9DA0BC4CC57}.Debug|Any CPU.Build.0 = Debug|Any CPU
		{A1FF3A10-B588-410B-930C-B9DA0BC4CC57}.Release|Any CPU.ActiveCfg = Release|Any CPU
		{A1FF3A10-B588-410B-930C-B9DA0BC4CC57}.Release|Any CPU.Build.0 = Release|Any CPU
		{0B0AAD2E-6256-40FF-9A4F-1C749778D7DF}.Debug|Any CPU.ActiveCfg = Debug|Any CPU
		{0B0AAD2E-6256-40FF-9A4F-1C749778D7DF}.Debug|Any CPU.Build.0 = Debug|Any CPU
		{0B0AAD2E-6256-40FF-9A4F-1C749778D7DF}.Release|Any CPU.ActiveCfg = Release|Any CPU
		{0B0AAD2E-6256-40FF-9A4F-1C749778D7DF}.Release|Any CPU.Build.0 = Release|Any CPU
		{F69955D5-7FC4-4165-9C71-FF92E181D781}.Debug|Any CPU.ActiveCfg = Debug|Any CPU
		{F69955D5-7FC4-4165-9C71-FF92E181D781}.Debug|Any CPU.Build.0 = Debug|Any CPU
		{F69955D5-7FC4-4165-9C71-FF92E181D781}.Release|Any CPU.ActiveCfg = Release|Any CPU
		{F69955D5-7FC4-4165-9C71-FF92E181D781}.Release|Any CPU.Build.0 = Release|Any CPU
		{95983AF3-BC7F-4004-BC65-76BC747C34D7}.Debug|Any CPU.ActiveCfg = Debug|Any CPU
		{95983AF3-BC7F-4004-BC65-76BC747C34D7}.Debug|Any CPU.Build.0 = Debug|Any CPU
		{95983AF3-BC7F-4004-BC65-76BC747C34D7}.Release|Any CPU.ActiveCfg = Release|Any CPU
		{95983AF3-BC7F-4004-BC65-76BC747C34D7}.Release|Any CPU.Build.0 = Release|Any CPU
		{18ABB481-F034-E5F6-8791-31F3D34642B1}.Debug|Any CPU.ActiveCfg = Debug|Any CPU
		{18ABB481-F034-E5F6-8791-31F3D34642B1}.Debug|Any CPU.Build.0 = Debug|Any CPU
		{18ABB481-F034-E5F6-8791-31F3D34642B1}.Release|Any CPU.ActiveCfg = Release|Any CPU
		{18ABB481-F034-E5F6-8791-31F3D34642B1}.Release|Any CPU.Build.0 = Release|Any CPU
		{34DB5E6E-1365-A89B-4C8D-78DA3FB9B6D4}.Debug|Any CPU.ActiveCfg = Debug|Any CPU
		{34DB5E6E-1365-A89B-4C8D-78DA3FB9B6D4}.Debug|Any CPU.Build.0 = Debug|Any CPU
		{34DB5E6E-1365-A89B-4C8D-78DA3FB9B6D4}.Release|Any CPU.ActiveCfg = Release|Any CPU
		{34DB5E6E-1365-A89B-4C8D-78DA3FB9B6D4}.Release|Any CPU.Build.0 = Release|Any CPU
		{3BF36D9B-2458-7027-1CDC-DBA61DAE768E}.Debug|Any CPU.ActiveCfg = Debug|Any CPU
		{3BF36D9B-2458-7027-1CDC-DBA61DAE768E}.Debug|Any CPU.Build.0 = Debug|Any CPU
		{3BF36D9B-2458-7027-1CDC-DBA61DAE768E}.Release|Any CPU.ActiveCfg = Release|Any CPU
		{3BF36D9B-2458-7027-1CDC-DBA61DAE768E}.Release|Any CPU.Build.0 = Release|Any CPU
	EndGlobalSection
	GlobalSection(SolutionProperties) = preSolution
		HideSolutionNode = FALSE
	EndGlobalSection
	GlobalSection(NestedProjects) = preSolution
		{FA23F9ED-886E-4222-A41A-3713B613725E} = {4EABF01C-8FB6-4144-8661-AAA53C8FF240}
		{E4F84254-D2AE-4462-9AFB-6E67FD038889} = {F7E684E9-EB35-49D0-BE78-1D423C497630}
		{82F64887-427D-473D-A4D8-90C4736A8943} = {7739BE5C-838E-4112-807A-F9E4128A0A70}
		{A1FF3A10-B588-410B-930C-B9DA0BC4CC57} = {2D369B8D-A659-4D27-BCF8-7CE4840486F0}
		{0B0AAD2E-6256-40FF-9A4F-1C749778D7DF} = {4145D950-DCFC-4C21-A6AE-26A6F3B30D77}
		{F69955D5-7FC4-4165-9C71-FF92E181D781} = {4145D950-DCFC-4C21-A6AE-26A6F3B30D77}
		{95983AF3-BC7F-4004-BC65-76BC747C34D7} = {4145D950-DCFC-4C21-A6AE-26A6F3B30D77}
		{18ABB481-F034-E5F6-8791-31F3D34642B1} = {2D369B8D-A659-4D27-BCF8-7CE4840486F0}
		{2D369B8D-A659-4D27-BCF8-7CE4840486F0} = {02EA681E-C7D8-13C7-8484-4AC65E1B71E8}
		{F7E684E9-EB35-49D0-BE78-1D423C497630} = {02EA681E-C7D8-13C7-8484-4AC65E1B71E8}
		{4EABF01C-8FB6-4144-8661-AAA53C8FF240} = {02EA681E-C7D8-13C7-8484-4AC65E1B71E8}
		{7739BE5C-838E-4112-807A-F9E4128A0A70} = {02EA681E-C7D8-13C7-8484-4AC65E1B71E8}
		{34DB5E6E-1365-A89B-4C8D-78DA3FB9B6D4} = {2D369B8D-A659-4D27-BCF8-7CE4840486F0}
		{3BF36D9B-2458-7027-1CDC-DBA61DAE768E} = {2D369B8D-A659-4D27-BCF8-7CE4840486F0}
	EndGlobalSection
	GlobalSection(ExtensibilityGlobals) = postSolution
		SolutionGuid = {AF47A390-083E-4DA3-8217-FFDEFFB69AFC}
	EndGlobalSection
EndGlobal
